
Microsoft Visual Studio Solution File, Format Version 12.00
# Visual Studio 2012
Project("{FAE04EC0-301F-11D3-BF4B-00C04F79EFBC}") = "hhClientWebApp", "hhClientWebApp\hhClientWebApp.csproj", "{E67B517A-E636-4E51-B59F-E68C7170EA94}"
EndProject
Global
	GlobalSection(SolutionConfigurationPlatforms) = preSolution
		Debug|Any CPU = Debug|Any CPU
		Release|Any CPU = Release|Any CPU
	EndGlobalSection
	GlobalSection(ProjectConfigurationPlatforms) = postSolution
		{E67B517A-E636-4E51-B59F-E68C7170EA94}.Debug|Any CPU.ActiveCfg = Debug|Any CPU
		{E67B517A-E636-4E51-B59F-E68C7170EA94}.Debug|Any CPU.Build.0 = Debug|Any CPU
		{E67B517A-E636-4E51-B59F-E68C7170EA94}.Release|Any CPU.ActiveCfg = Release|Any CPU
		{E67B517A-E636-4E51-B59F-E68C7170EA94}.Release|Any CPU.Build.0 = Release|Any CPU
	EndGlobalSection
EndGlobal
